
Microsoft Visual Studio Solution File, Format Version 12.00
# Visual Studio Version 17
VisualStudioVersion = 17.9.34723.18
MinimumVisualStudioVersion = 10.0.40219.1
Project("{9A19103F-16F7-4668-BE54-9A1E7A4F7556}") = "VertoTest", "VertoTest.csproj", "{C8F3750E-7B42-4435-8FEC-288E9E7D66A3}"
EndProject
Global
	GlobalSection(SolutionConfigurationPlatforms) = preSolution
		Debug|Any CPU = Debug|Any CPU
		Release|Any CPU = Release|Any CPU
	EndGlobalSection
	GlobalSection(ProjectConfigurationPlatforms) = postSolution
		{C8F3750E-7B42-4435-8FEC-288E9E7D66A3}.Debug|Any CPU.ActiveCfg = Debug|Any CPU
		{C8F3750E-7B42-4435-8FEC-288E9E7D66A3}.Debug|Any CPU.Build.0 = Debug|Any CPU
		{C8F3750E-7B42-4435-8FEC-288E9E7D66A3}.Release|Any CPU.ActiveCfg = Release|Any CPU
		{C8F3750E-7B42-4435-8FEC-288E9E7D66A3}.Release|Any CPU.Build.0 = Release|Any CPU
	EndGlobalSection
	GlobalSection(SolutionProperties) = preSolution
		HideSolutionNode = FALSE
	EndGlobalSection
	GlobalSection(ExtensibilityGlobals) = postSolution
		SolutionGuid = {47B66A50-16A4-450E-A157-56114F303D13}
	EndGlobalSection
EndGlobal
